
Microsoft Visual Studio Solution File, Format Version 12.00
# Visual Studio Version 17
VisualStudioVersion = 17.13.35818.85 d17.13
MinimumVisualStudioVersion = 10.0.40219.1
Project("{FAE04EC0-301F-11D3-BF4B-00C04F79EFBC}") = "Arac_Kullanimi_Odev", "Arac_Kullanimi_Odev\Arac_Kullanimi_Odev.csproj", "{7A8B1C81-F371-47D1-B9B7-12148EC6C9FD}"
EndProject
Global
	GlobalSection(SolutionConfigurationPlatforms) = preSolution
		Debug|Any CPU = Debug|Any CPU
		Release|Any CPU = Release|Any CPU
	EndGlobalSection
	GlobalSection(ProjectConfigurationPlatforms) = postSolution
		{7A8B1C81-F371-47D1-B9B7-12148EC6C9FD}.Debug|Any CPU.ActiveCfg = Debug|Any CPU
		{7A8B1C81-F371-47D1-B9B7-12148EC6C9FD}.Debug|Any CPU.Build.0 = Debug|Any CPU
		{7A8B1C81-F371-47D1-B9B7-12148EC6C9FD}.Release|Any CPU.ActiveCfg = Release|Any CPU
		{7A8B1C81-F371-47D1-B9B7-12148EC6C9FD}.Release|Any CPU.Build.0 = Release|Any CPU
	EndGlobalSection
	GlobalSection(SolutionProperties) = preSolution
		HideSolutionNode = FALSE
	EndGlobalSection
	GlobalSection(ExtensibilityGlobals) = postSolution
		SolutionGuid = {BCE9FA83-6E73-467B-A61C-B7A059BE8875}
	EndGlobalSection
EndGlobal
